// !$*UTF8*$!
{
	archiveVersion = 1;
	classes = {
	};
	objectVersion = 46;
	objects = {

/* Begin PBXBuildFile section */
		076AAAD61BCB1B19F036BD66 /* libPods-ZHW日历推送.a in Frameworks */ = {isa = PBXBuildFile; fileRef = 5751AB9D392367CDC5C2D602 /* libPods-ZHW日历推送.a */; };
		28A92AA0CD7CA982FD0FA99E /* libPods-ZHW日历推送Tests.a in Frameworks */ = {isa = PBXBuildFile; fileRef = A3878F6F8070C0B1F2AD3CAC /* libPods-ZHW日历推送Tests.a */; };
		3C02643F1D76B9FA00915CEE /* AppDelegate.m in Sources */ = {isa = PBXBuildFile; fileRef = 3C02643E1D76B9FA00915CEE /* AppDelegate.m */; };
		3C0264421D76B9FA00915CEE /* main.m in Sources */ = {isa = PBXBuildFile; fileRef = 3C0264411D76B9FA00915CEE /* main.m */; };
		3C0264441D76B9FA00915CEE /* Assets.xcassets in Resources */ = {isa = PBXBuildFile; fileRef = 3C0264431D76B9FA00915CEE /* Assets.xcassets */; };
		3C0264471D76B9FA00915CEE /* MainMenu.xib in Resources */ = {isa = PBXBuildFile; fileRef = 3C0264451D76B9FA00915CEE /* MainMenu.xib */; };
		3C0264521D76B9FA00915CEE /* ZHW____Tests.m in Sources */ = {isa = PBXBuildFile; fileRef = 3C0264511D76B9FA00915CEE /* ZHW____Tests.m */; };
		3C02645D1D76B9FA00915CEE /* ZHW____UITests.m in Sources */ = {isa = PBXBuildFile; fileRef = 3C02645C1D76B9FA00915CEE /* ZHW____UITests.m */; };
		3C02646B1D76BAAC00915CEE /* EventKit.framework in Frameworks */ = {isa = PBXBuildFile; fileRef = 3C02646A1D76BAAC00915CEE /* EventKit.framework */; };
		3C02646E1D76BAEF00915CEE /* ZHWWindowController.m in Sources */ = {isa = PBXBuildFile; fileRef = 3C02646D1D76BAEF00915CEE /* ZHWWindowController.m */; };
		3C0264701D76BC6F00915CEE /* apple.scpt in Resources */ = {isa = PBXBuildFile; fileRef = 3C02646F1D76BC6F00915CEE /* apple.scpt */; };
		3C0264721D76BD0E00915CEE /* ZHWWindowController.xib in Resources */ = {isa = PBXBuildFile; fileRef = 3C0264711D76BD0E00915CEE /* ZHWWindowController.xib */; };
		54AFB1C02AF4B6F60521B8F8 /* libPods-ZHW日历推送UITests.a in Frameworks */ = {isa = PBXBuildFile; fileRef = 0CF0F537992869E61CB7212A /* libPods-ZHW日历推送UITests.a */; };
/* End PBXBuildFile section */

/* Begin PBXContainerItemProxy section */
		3C02644E1D76B9FA00915CEE /* PBXContainerItemProxy */ = {
			isa = PBXContainerItemProxy;
			containerPortal = 3C0264321D76B9FA00915CEE /* Project object */;
			proxyType = 1;
			remoteGlobalIDString = 3C0264391D76B9FA00915CEE;
			remoteInfo = "ZHW日历推送";
		};
		3C0264591D76B9FA00915CEE /* PBXContainerItemProxy */ = {
			isa = PBXContainerItemProxy;
			containerPortal = 3C0264321D76B9FA00915CEE /* Project object */;
			proxyType = 1;
			remoteGlobalIDString = 3C0264391D76B9FA00915CEE;
			remoteInfo = "ZHW日历推送";
		};
/* End PBXContainerItemProxy section */

/* Begin PBXFileReference section */
		0CF0F537992869E61CB7212A /* libPods-ZHW日历推送UITests.a */ = {isa = PBXFileReference; explicitFileType = archive.ar; includeInIndex = 0; path = "libPods-ZHW日历推送UITests.a"; sourceTree = BUILT_PRODUCTS_DIR; };
		3C02643A1D76B9FA00915CEE /* ZHW日历推送.app */ = {isa = PBXFileReference; explicitFileType = wrapper.application; includeInIndex = 0; path = "ZHW日历推送.app"; sourceTree = BUILT_PRODUCTS_DIR; };
		3C02643D1D76B9FA00915CEE /* AppDelegate.h */ = {isa = PBXFileReference; lastKnownFileType = sourcecode.c.h; path = AppDelegate.h; sourceTree = "<group>"; };
		3C02643E1D76B9FA00915CEE /* AppDelegate.m */ = {isa = PBXFileReference; lastKnownFileType = sourcecode.c.objc; path = AppDelegate.m; sourceTree = "<group>"; };
		3C0264411D76B9FA00915CEE /* main.m */ = {isa = PBXFileReference; lastKnownFileType = sourcecode.c.objc; path = main.m; sourceTree = "<group>"; };
		3C0264431D76B9FA00915CEE /* Assets.xcassets */ = {isa = PBXFileReference; lastKnownFileType = folder.assetcatalog; path = Assets.xcassets; sourceTree = "<group>"; };
		3C0264461D76B9FA00915CEE /* Base */ = {isa = PBXFileReference; lastKnownFileType = file.xib; name = Base; path = Base.lproj/MainMenu.xib; sourceTree = "<group>"; };
		3C0264481D76B9FA00915CEE /* Info.plist */ = {isa = PBXFileReference; lastKnownFileType = text.plist.xml; path = Info.plist; sourceTree = "<group>"; };
		3C02644D1D76B9FA00915CEE /* ZHW日历推送Tests.xctest */ = {isa = PBXFileReference; explicitFileType = wrapper.cfbundle; includeInIndex = 0; path = "ZHW日历推送Tests.xctest"; sourceTree = BUILT_PRODUCTS_DIR; };
		3C0264511D76B9FA00915CEE /* ZHW____Tests.m */ = {isa = PBXFileReference; lastKnownFileType = sourcecode.c.objc; path = "ZHW____Tests.m"; sourceTree = "<group>"; };
		3C0264531D76B9FA00915CEE /* Info.plist */ = {isa = PBXFileReference; lastKnownFileType = text.plist.xml; path = Info.plist; sourceTree = "<group>"; };
		3C0264581D76B9FA00915CEE /* ZHW日历推送UITests.xctest */ = {isa = PBXFileReference; explicitFileType = wrapper.cfbundle; includeInIndex = 0; path = "ZHW日历推送UITests.xctest"; sourceTree = BUILT_PRODUCTS_DIR; };
		3C02645C1D76B9FA00915CEE /* ZHW____UITests.m */ = {isa = PBXFileReference; lastKnownFileType = sourcecode.c.objc; path = "ZHW____UITests.m"; sourceTree = "<group>"; };
		3C02645E1D76B9FA00915CEE /* Info.plist */ = {isa = PBXFileReference; lastKnownFileType = text.plist.xml; path = Info.plist; sourceTree = "<group>"; };
		3C02646A1D76BAAC00915CEE /* EventKit.framework */ = {isa = PBXFileReference; lastKnownFileType = wrapper.framework; name = EventKit.framework; path = System/Library/Frameworks/EventKit.framework; sourceTree = SDKROOT; };
		3C02646C1D76BAEF00915CEE /* ZHWWindowController.h */ = {isa = PBXFileReference; fileEncoding = 4; lastKnownFileType = sourcecode.c.h; path = ZHWWindowController.h; sourceTree = "<group>"; };
		3C02646D1D76BAEF00915CEE /* ZHWWindowController.m */ = {isa = PBXFileReference; fileEncoding = 4; lastKnownFileType = sourcecode.c.objc; path = ZHWWindowController.m; sourceTree = "<group>"; };
		3C02646F1D76BC6F00915CEE /* apple.scpt */ = {isa = PBXFileReference; lastKnownFileType = file; path = apple.scpt; sourceTree = "<group>"; };
		3C0264711D76BD0E00915CEE /* ZHWWindowController.xib */ = {isa = PBXFileReference; fileEncoding = 4; lastKnownFileType = file.xib; path = ZHWWindowController.xib; sourceTree = "<group>"; };
		3D1EC0E92637BBDD0116F148 /* Pods-ZHW日历推送UITests.release.xcconfig */ = {isa = PBXFileReference; includeInIndex = 1; lastKnownFileType = text.xcconfig; name = "Pods-ZHW日历推送UITests.release.xcconfig"; path = "Pods/Target Support Files/Pods-ZHW日历推送UITests/Pods-ZHW日历推送UITests.release.xcconfig"; sourceTree = "<group>"; };
		4D188A3C1FD0FFA4F4D4CD2E /* Pods-ZHW日历推送Tests.release.xcconfig */ = {isa = PBXFileReference; includeInIndex = 1; lastKnownFileType = text.xcconfig; name = "Pods-ZHW日历推送Tests.release.xcconfig"; path = "Pods/Target Support Files/Pods-ZHW日历推送Tests/Pods-ZHW日历推送Tests.release.xcconfig"; sourceTree = "<group>"; };
		5751AB9D392367CDC5C2D602 /* libPods-ZHW日历推送.a */ = {isa = PBXFileReference; explicitFileType = archive.ar; includeInIndex = 0; path = "libPods-ZHW日历推送.a"; sourceTree = BUILT_PRODUCTS_DIR; };
		67D1072E227536E6BDF9CFB0 /* Pods-ZHW日历推送.debug.xcconfig */ = {isa = PBXFileReference; includeInIndex = 1; lastKnownFileType = text.xcconfig; name = "Pods-ZHW日历推送.debug.xcconfig"; path = "Pods/Target Support Files/Pods-ZHW日历推送/Pods-ZHW日历推送.debug.xcconfig"; sourceTree = "<group>"; };
		6DD1664A1B22D13DB23BA221 /* Pods-ZHW日历推送UITests.debug.xcconfig */ = {isa = PBXFileReference; includeInIndex = 1; lastKnownFileType = text.xcconfig; name = "Pods-ZHW日历推送UITests.debug.xcconfig"; path = "Pods/Target Support Files/Pods-ZHW日历推送UITests/Pods-ZHW日历推送UITests.debug.xcconfig"; sourceTree = "<group>"; };
		836B7B61FB9631B91D319B94 /* Pods-ZHW日历推送Tests.debug.xcconfig */ = {isa = PBXFileReference; includeInIndex = 1; lastKnownFileType = text.xcconfig; name = "Pods-ZHW日历推送Tests.debug.xcconfig"; path = "Pods/Target Support Files/Pods-ZHW日历推送Tests/Pods-ZHW日历推送Tests.debug.xcconfig"; sourceTree = "<group>"; };
		A3878F6F8070C0B1F2AD3CAC /* libPods-ZHW日历推送Tests.a */ = {isa = PBXFileReference; explicitFileType = archive.ar; includeInIndex = 0; path = "libPods-ZHW日历推送Tests.a"; sourceTree = BUILT_PRODUCTS_DIR; };
		EE08D18D5E4B00F66924D87C /* Pods-ZHW日历推送.release.xcconfig */ = {isa = PBXFileReference; includeInIndex = 1; lastKnownFileType = text.xcconfig; name = "Pods-ZHW日历推送.release.xcconfig"; path = "Pods/Target Support Files/Pods-ZHW日历推送/Pods-ZHW日历推送.release.xcconfig"; sourceTree = "<group>"; };
/* End PBXFileReference section */

/* Begin PBXFrameworksBuildPhase section */
		3C0264371D76B9FA00915CEE /* Frameworks */ = {
			isa = PBXFrameworksBuildPhase;
			buildActionMask = 2147483647;
			files = (
				3C02646B1D76BAAC00915CEE /* EventKit.framework in Frameworks */,
				076AAAD61BCB1B19F036BD66 /* libPods-ZHW日历推送.a in Frameworks */,
			);
			runOnlyForDeploymentPostprocessing = 0;
		};
		3C02644A1D76B9FA00915CEE /* Frameworks */ = {
			isa = PBXFrameworksBuildPhase;
			buildActionMask = 2147483647;
			files = (
				28A92AA0CD7CA982FD0FA99E /* libPods-ZHW日历推送Tests.a in Frameworks */,
			);
			runOnlyForDeploymentPostprocessing = 0;
		};
		3C0264551D76B9FA00915CEE /* Frameworks */ = {
			isa = PBXFrameworksBuildPhase;
			buildActionMask = 2147483647;
			files = (
				54AFB1C02AF4B6F60521B8F8 /* libPods-ZHW日历推送UITests.a in Frameworks */,
			);
			runOnlyForDeploymentPostprocessing = 0;
		};
/* End PBXFrameworksBuildPhase section */

/* Begin PBXGroup section */
		1CDC61CC42B6C9767F9C33CC /* Frameworks */ = {
			isa = PBXGroup;
			children = (
				3C02646A1D76BAAC00915CEE /* EventKit.framework */,
				5751AB9D392367CDC5C2D602 /* libPods-ZHW日历推送.a */,
				A3878F6F8070C0B1F2AD3CAC /* libPods-ZHW日历推送Tests.a */,
				0CF0F537992869E61CB7212A /* libPods-ZHW日历推送UITests.a */,
			);
			name = Frameworks;
			sourceTree = "<group>";
		};
		3C0264311D76B9FA00915CEE = {
			isa = PBXGroup;
			children = (
				3C02646F1D76BC6F00915CEE /* apple.scpt */,
				3C02643C1D76B9FA00915CEE /* ZHW日历推送 */,
				3C0264501D76B9FA00915CEE /* ZHW日历推送Tests */,
				3C02645B1D76B9FA00915CEE /* ZHW日历推送UITests */,
				3C02643B1D76B9FA00915CEE /* Products */,
				D8D192BAECA25838C8A0EE51 /* Pods */,
				1CDC61CC42B6C9767F9C33CC /* Frameworks */,
			);
			sourceTree = "<group>";
		};
		3C02643B1D76B9FA00915CEE /* Products */ = {
			isa = PBXGroup;
			children = (
				3C02643A1D76B9FA00915CEE /* ZHW日历推送.app */,
				3C02644D1D76B9FA00915CEE /* ZHW日历推送Tests.xctest */,
				3C0264581D76B9FA00915CEE /* ZHW日历推送UITests.xctest */,
			);
			name = Products;
			sourceTree = "<group>";
		};
		3C02643C1D76B9FA00915CEE /* ZHW日历推送 */ = {
			isa = PBXGroup;
			children = (
				3C02643D1D76B9FA00915CEE /* AppDelegate.h */,
				3C02643E1D76B9FA00915CEE /* AppDelegate.m */,
				3C02646C1D76BAEF00915CEE /* ZHWWindowController.h */,
				3C02646D1D76BAEF00915CEE /* ZHWWindowController.m */,
				3C0264711D76BD0E00915CEE /* ZHWWindowController.xib */,
				3C0264431D76B9FA00915CEE /* Assets.xcassets */,
				3C0264451D76B9FA00915CEE /* MainMenu.xib */,
				3C0264481D76B9FA00915CEE /* Info.plist */,
				3C0264401D76B9FA00915CEE /* Supporting Files */,
			);
			path = "ZHW日历推送";
			sourceTree = "<group>";
		};
		3C0264401D76B9FA00915CEE /* Supporting Files */ = {
			isa = PBXGroup;
			children = (
				3C0264411D76B9FA00915CEE /* main.m */,
			);
			name = "Supporting Files";
			sourceTree = "<group>";
		};
		3C0264501D76B9FA00915CEE /* ZHW日历推送Tests */ = {
			isa = PBXGroup;
			children = (
				3C0264511D76B9FA00915CEE /* ZHW____Tests.m */,
				3C0264531D76B9FA00915CEE /* Info.plist */,
			);
			path = "ZHW日历推送Tests";
			sourceTree = "<group>";
		};
		3C02645B1D76B9FA00915CEE /* ZHW日历推送UITests */ = {
			isa = PBXGroup;
			children = (
				3C02645C1D76B9FA00915CEE /* ZHW____UITests.m */,
				3C02645E1D76B9FA00915CEE /* Info.plist */,
			);
			path = "ZHW日历推送UITests";
			sourceTree = "<group>";
		};
		D8D192BAECA25838C8A0EE51 /* Pods */ = {
			isa = PBXGroup;
			children = (
				67D1072E227536E6BDF9CFB0 /* Pods-ZHW日历推送.debug.xcconfig */,
				EE08D18D5E4B00F66924D87C /* Pods-ZHW日历推送.release.xcconfig */,
				836B7B61FB9631B91D319B94 /* Pods-ZHW日历推送Tests.debug.xcconfig */,
				4D188A3C1FD0FFA4F4D4CD2E /* Pods-ZHW日历推送Tests.release.xcconfig */,
				6DD1664A1B22D13DB23BA221 /* Pods-ZHW日历推送UITests.debug.xcconfig */,
				3D1EC0E92637BBDD0116F148 /* Pods-ZHW日历推送UITests.release.xcconfig */,
			);
			name = Pods;
			sourceTree = "<group>";
		};
/* End PBXGroup section */

/* Begin PBXNativeTarget section */
		3C0264391D76B9FA00915CEE /* ZHW日历推送 */ = {
			isa = PBXNativeTarget;
			buildConfigurationList = 3C0264611D76B9FA00915CEE /* Build configuration list for PBXNativeTarget "ZHW日历推送" */;
			buildPhases = (
				53B4F8C53CEC6AC242A70587 /* [CP] Check Pods Manifest.lock */,
				3C0264361D76B9FA00915CEE /* Sources */,
				3C0264371D76B9FA00915CEE /* Frameworks */,
				3C0264381D76B9FA00915CEE /* Resources */,
				68AFF6AE0D7F8CBD89B7388F /* [CP] Embed Pods Frameworks */,
				B9DC0B7815B362F1CE4C9415 /* [CP] Copy Pods Resources */,
			);
			buildRules = (
			);
			dependencies = (
			);
			name = "ZHW日历推送";
			productName = "ZHW日历推送";
			productReference = 3C02643A1D76B9FA00915CEE /* ZHW日历推送.app */;
			productType = "com.apple.product-type.application";
		};
		3C02644C1D76B9FA00915CEE /* ZHW日历推送Tests */ = {
			isa = PBXNativeTarget;
			buildConfigurationList = 3C0264641D76B9FA00915CEE /* Build configuration list for PBXNativeTarget "ZHW日历推送Tests" */;
			buildPhases = (
				9A31745787AC8068C84E134A /* [CP] Check Pods Manifest.lock */,
				3C0264491D76B9FA00915CEE /* Sources */,
				3C02644A1D76B9FA00915CEE /* Frameworks */,
				3C02644B1D76B9FA00915CEE /* Resources */,
				07729705D174A4B70782CA65 /* [CP] Embed Pods Frameworks */,
				5E4EA812E6B29F625DA1B8D0 /* [CP] Copy Pods Resources */,
			);
			buildRules = (
			);
			dependencies = (
				3C02644F1D76B9FA00915CEE /* PBXTargetDependency */,
			);
			name = "ZHW日历推送Tests";
			productName = "ZHW日历推送Tests";
			productReference = 3C02644D1D76B9FA00915CEE /* ZHW日历推送Tests.xctest */;
			productType = "com.apple.product-type.bundle.unit-test";
		};
		3C0264571D76B9FA00915CEE /* ZHW日历推送UITests */ = {
			isa = PBXNativeTarget;
			buildConfigurationList = 3C0264671D76B9FA00915CEE /* Build configuration list for PBXNativeTarget "ZHW日历推送UITests" */;
			buildPhases = (
				626978A2A9A59F20B33BBAC7 /* [CP] Check Pods Manifest.lock */,
				3C0264541D76B9FA00915CEE /* Sources */,
				3C0264551D76B9FA00915CEE /* Frameworks */,
				3C0264561D76B9FA00915CEE /* Resources */,
				F051369B5382F8C3527633E9 /* [CP] Embed Pods Frameworks */,
				CF047BA1A19B337FEB50F9B7 /* [CP] Copy Pods Resources */,
			);
			buildRules = (
			);
			dependencies = (
				3C02645A1D76B9FA00915CEE /* PBXTargetDependency */,
			);
			name = "ZHW日历推送UITests";
			productName = "ZHW日历推送UITests";
			productReference = 3C0264581D76B9FA00915CEE /* ZHW日历推送UITests.xctest */;
			productType = "com.apple.product-type.bundle.ui-testing";
		};
/* End PBXNativeTarget section */

/* Begin PBXProject section */
		3C0264321D76B9FA00915CEE /* Project object */ = {
			isa = PBXProject;
			attributes = {
				LastUpgradeCheck = 0730;
				ORGANIZATIONNAME = "闫世超";
				TargetAttributes = {
					3C0264391D76B9FA00915CEE = {
						CreatedOnToolsVersion = 7.3.1;
					};
					3C02644C1D76B9FA00915CEE = {
						CreatedOnToolsVersion = 7.3.1;
						TestTargetID = 3C0264391D76B9FA00915CEE;
					};
					3C0264571D76B9FA00915CEE = {
						CreatedOnToolsVersion = 7.3.1;
						TestTargetID = 3C0264391D76B9FA00915CEE;
					};
				};
			};
			buildConfigurationList = 3C0264351D76B9FA00915CEE /* Build configuration list for PBXProject "ZHW日历推送" */;
			compatibilityVersion = "Xcode 3.2";
			developmentRegion = English;
			hasScannedForEncodings = 0;
			knownRegions = (
				en,
				Base,
			);
			mainGroup = 3C0264311D76B9FA00915CEE;
			productRefGroup = 3C02643B1D76B9FA00915CEE /* Products */;
			projectDirPath = "";
			projectRoot = "";
			targets = (
				3C0264391D76B9FA00915CEE /* ZHW日历推送 */,
				3C02644C1D76B9FA00915CEE /* ZHW日历推送Tests */,
				3C0264571D76B9FA00915CEE /* ZHW日历推送UITests */,
			);
		};
/* End PBXProject section */

/* Begin PBXResourcesBuildPhase section */
		3C0264381D76B9FA00915CEE /* Resources */ = {
			isa = PBXResourcesBuildPhase;
			buildActionMask = 2147483647;
			files = (
				3C0264701D76BC6F00915CEE /* apple.scpt in Resources */,
				3C0264721D76BD0E00915CEE /* ZHWWindowController.xib in Resources */,
				3C0264441D76B9FA00915CEE /* Assets.xcassets in Resources */,
				3C0264471D76B9FA00915CEE /* MainMenu.xib in Resources */,
			);
			runOnlyForDeploymentPostprocessing = 0;
		};
		3C02644B1D76B9FA00915CEE /* Resources */ = {
			isa = PBXResourcesBuildPhase;
			buildActionMask = 2147483647;
			files = (
			);
			runOnlyForDeploymentPostprocessing = 0;
		};
		3C0264561D76B9FA00915CEE /* Resources */ = {
			isa = PBXResourcesBuildPhase;
			buildActionMask = 2147483647;
			files = (
			);
			runOnlyForDeploymentPostprocessing = 0;
		};
/* End PBXResourcesBuildPhase section */

/* Begin PBXShellScriptBuildPhase section */
		07729705D174A4B70782CA65 /* [CP] Embed Pods Frameworks */ = {
			isa = PBXShellScriptBuildPhase;
			buildActionMask = 2147483647;
			files = (
			);
			inputPaths = (
			);
			name = "[CP] Embed Pods Frameworks";
			outputPaths = (
			);
			runOnlyForDeploymentPostprocessing = 0;
			shellPath = /bin/sh;
			shellScript = "\"${SRCROOT}/Pods/Target Support Files/Pods-ZHW日历推送Tests/Pods-ZHW日历推送Tests-frameworks.sh\"\n";
			showEnvVarsInLog = 0;
		};
		53B4F8C53CEC6AC242A70587 /* [CP] Check Pods Manifest.lock */ = {
			isa = PBXShellScriptBuildPhase;
			buildActionMask = 2147483647;
			files = (
			);
			inputPaths = (
			);
			name = "[CP] Check Pods Manifest.lock";
			outputPaths = (
			);
			runOnlyForDeploymentPostprocessing = 0;
			shellPath = /bin/sh;
			shellScript = "diff \"${PODS_ROOT}/../Podfile.lock\" \"${PODS_ROOT}/Manifest.lock\" > /dev/null\nif [ $? != 0 ] ; then\n    # print error to STDERR\n    echo \"error: The sandbox is not in sync with the Podfile.lock. Run 'pod install' or update your CocoaPods installation.\" >&2\n    exit 1\nfi\n";
			showEnvVarsInLog = 0;
		};
		5E4EA812E6B29F625DA1B8D0 /* [CP] Copy Pods Resources */ = {
			isa = PBXShellScriptBuildPhase;
			buildActionMask = 2147483647;
			files = (
			);
			inputPaths = (
			);
			name = "[CP] Copy Pods Resources";
			outputPaths = (
			);
			runOnlyForDeploymentPostprocessing = 0;
			shellPath = /bin/sh;
			shellScript = "\"${SRCROOT}/Pods/Target Support Files/Pods-ZHW日历推送Tests/Pods-ZHW日历推送Tests-resources.sh\"\n";
			showEnvVarsInLog = 0;
		};
		626978A2A9A59F20B33BBAC7 /* [CP] Check Pods Manifest.lock */ = {
			isa = PBXShellScriptBuildPhase;
			buildActionMask = 2147483647;
			files = (
			);
			inputPaths = (
			);
			name = "[CP] Check Pods Manifest.lock";
			outputPaths = (
			);
			runOnlyForDeploymentPostprocessing = 0;
			shellPath = /bin/sh;
			shellScript = "diff \"${PODS_ROOT}/../Podfile.lock\" \"${PODS_ROOT}/Manifest.lock\" > /dev/null\nif [ $? != 0 ] ; then\n    # print error to STDERR\n    echo \"error: The sandbox is not in sync with the Podfile.lock. Run 'pod install' or update your CocoaPods installation.\" >&2\n    exit 1\nfi\n";
			showEnvVarsInLog = 0;
		};
		68AFF6AE0D7F8CBD89B7388F /* [CP] Embed Pods Frameworks */ = {
			isa = PBXShellScriptBuildPhase;
			buildActionMask = 2147483647;
			files = (
			);
			inputPaths = (
			);
			name = "[CP] Embed Pods Frameworks";
			outputPaths = (
			);
			runOnlyForDeploymentPostprocessing = 0;
			shellPath = /bin/sh;
			shellScript = "\"${SRCROOT}/Pods/Target Support Files/Pods-ZHW日历推送/Pods-ZHW日历推送-frameworks.sh\"\n";
			showEnvVarsInLog = 0;
		};
		9A31745787AC8068C84E134A /* [CP] Check Pods Manifest.lock */ = {
			isa = PBXShellScriptBuildPhase;
			buildActionMask = 2147483647;
			files = (
			);
			inputPaths = (
			);
			name = "[CP] Check Pods Manifest.lock";
			outputPaths = (
			);
			runOnlyForDeploymentPostprocessing = 0;
			shellPath = /bin/sh;
			shellScript = "diff \"${PODS_ROOT}/../Podfile.lock\" \"${PODS_ROOT}/Manifest.lock\" > /dev/null\nif [ $? != 0 ] ; then\n    # print error to STDERR\n    echo \"error: The sandbox is not in sync with the Podfile.lock. Run 'pod install' or update your CocoaPods installation.\" >&2\n    exit 1\nfi\n";
			showEnvVarsInLog = 0;
		};
		B9DC0B7815B362F1CE4C9415 /* [CP] Copy Pods Resources */ = {
			isa = PBXShellScriptBuildPhase;
			buildActionMask = 2147483647;
			files = (
			);
			inputPaths = (
			);
			name = "[CP] Copy Pods Resources";
			outputPaths = (
			);
			runOnlyForDeploymentPostprocessing = 0;
			shellPath = /bin/sh;
			shellScript = "\"${SRCROOT}/Pods/Target Support Files/Pods-ZHW日历推送/Pods-ZHW日历推送-resources.sh\"\n";
			showEnvVarsInLog = 0;
		};
		CF047BA1A19B337FEB50F9B7 /* [CP] Copy Pods Resources */ = {
			isa = PBXShellScriptBuildPhase;
			buildActionMask = 2147483647;
			files = (
			);
			inputPaths = (
			);
			name = "[CP] Copy Pods Resources";
			outputPaths = (
			);
			runOnlyForDeploymentPostprocessing = 0;
			shellPath = /bin/sh;
			shellScript = "\"${SRCROOT}/Pods/Target Support Files/Pods-ZHW日历推送UITests/Pods-ZHW日历推送UITests-resources.sh\"\n";
			showEnvVarsInLog = 0;
		};
		F051369B5382F8C3527633E9 /* [CP] Embed Pods Frameworks */ = {
			isa = PBXShellScriptBuildPhase;
			buildActionMask = 2147483647;
			files = (
			);
			inputPaths = (
			);
			name = "[CP] Embed Pods Frameworks";
			outputPaths = (
			);
			runOnlyForDeploymentPostprocessing = 0;
			shellPath = /bin/sh;
			shellScript = "\"${SRCROOT}/Pods/Target Support Files/Pods-ZHW日历推送UITests/Pods-ZHW日历推送UITests-frameworks.sh\"\n";
			showEnvVarsInLog = 0;
		};
/* End PBXShellScriptBuildPhase section */

/* Begin PBXSourcesBuildPhase section */
		3C0264361D76B9FA00915CEE /* Sources */ = {
			isa = PBXSourcesBuildPhase;
			buildActionMask = 2147483647;
			files = (
				3C02646E1D76BAEF00915CEE /* ZHWWindowController.m in Sources */,
				3C0264421D76B9FA00915CEE /* main.m in Sources */,
				3C02643F1D76B9FA00915CEE /* AppDelegate.m in Sources */,
			);
			runOnlyForDeploymentPostprocessing = 0;
		};
		3C0264491D76B9FA00915CEE /* Sources */ = {
			isa = PBXSourcesBuildPhase;
			buildActionMask = 2147483647;
			files = (
				3C0264521D76B9FA00915CEE /* ZHW____Tests.m in Sources */,
			);
			runOnlyForDeploymentPostprocessing = 0;
		};
		3C0264541D76B9FA00915CEE /* Sources */ = {
			isa = PBXSourcesBuildPhase;
			buildActionMask = 2147483647;
			files = (
				3C02645D1D76B9FA00915CEE /* ZHW____UITests.m in Sources */,
			);
			runOnlyForDeploymentPostprocessing = 0;
		};
/* End PBXSourcesBuildPhase section */

/* Begin PBXTargetDependency section */
		3C02644F1D76B9FA00915CEE /* PBXTargetDependency */ = {
			isa = PBXTargetDependency;
			target = 3C0264391D76B9FA00915CEE /* ZHW日历推送 */;
			targetProxy = 3C02644E1D76B9FA00915CEE /* PBXContainerItemProxy */;
		};
		3C02645A1D76B9FA00915CEE /* PBXTargetDependency */ = {
			isa = PBXTargetDependency;
			target = 3C0264391D76B9FA00915CEE /* ZHW日历推送 */;
			targetProxy = 3C0264591D76B9FA00915CEE /* PBXContainerItemProxy */;
		};
/* End PBXTargetDependency section */

/* Begin PBXVariantGroup section */
		3C0264451D76B9FA00915CEE /* MainMenu.xib */ = {
			isa = PBXVariantGroup;
			children = (
				3C0264461D76B9FA00915CEE /* Base */,
			);
			name = MainMenu.xib;
			sourceTree = "<group>";
		};
/* End PBXVariantGroup section */

/* Begin XCBuildConfiguration section */
		3C02645F1D76B9FA00915CEE /* Debug */ = {
			isa = XCBuildConfiguration;
			buildSettings = {
				ALWAYS_SEARCH_USER_PATHS = NO;
				CLANG_ANALYZER_NONNULL = YES;
				CLANG_CXX_LANGUAGE_STANDARD = "gnu++0x";
				CLANG_CXX_LIBRARY = "libc++";
				CLANG_ENABLE_MODULES = YES;
				CLANG_ENABLE_OBJC_ARC = YES;
				CLANG_WARN_BOOL_CONVERSION = YES;
				CLANG_WARN_CONSTANT_CONVERSION = YES;
				CLANG_WARN_DIRECT_OBJC_ISA_USAGE = YES_ERROR;
				CLANG_WARN_EMPTY_BODY = YES;
				CLANG_WARN_ENUM_CONVERSION = YES;
				CLANG_WARN_INT_CONVERSION = YES;
				CLANG_WARN_OBJC_ROOT_CLASS = YES_ERROR;
				CLANG_WARN_UNREACHABLE_CODE = YES;
				CLANG_WARN__DUPLICATE_METHOD_MATCH = YES;
				CODE_SIGN_IDENTITY = "-";
				COPY_PHASE_STRIP = NO;
				DEBUG_INFORMATION_FORMAT = dwarf;
				ENABLE_STRICT_OBJC_MSGSEND = YES;
				ENABLE_TESTABILITY = YES;
				GCC_C_LANGUAGE_STANDARD = gnu99;
				GCC_DYNAMIC_NO_PIC = NO;
				GCC_NO_COMMON_BLOCKS = YES;
				GCC_OPTIMIZATION_LEVEL = 0;
				GCC_PREPROCESSOR_DEFINITIONS = (
					"DEBUG=1",
					"$(inherited)",
				);
				GCC_WARN_64_TO_32_BIT_CONVERSION = YES;
				GCC_WARN_ABOUT_RETURN_TYPE = YES_ERROR;
				GCC_WARN_UNDECLARED_SELECTOR = YES;
				GCC_WARN_UNINITIALIZED_AUTOS = YES_AGGRESSIVE;
				GCC_WARN_UNUSED_FUNCTION = YES;
				GCC_WARN_UNUSED_VARIABLE = YES;
				MACOSX_DEPLOYMENT_TARGET = 10.11;
				MTL_ENABLE_DEBUG_INFO = YES;
				ONLY_ACTIVE_ARCH = YES;
				SDKROOT = macosx;
			};
			name = Debug;
		};
		3C0264601D76B9FA00915CEE /* Release */ = {
			isa = XCBuildConfiguration;
			buildSettings = {
				ALWAYS_SEARCH_USER_PATHS = NO;
				CLANG_ANALYZER_NONNULL = YES;
				CLANG_CXX_LANGUAGE_STANDARD = "gnu++0x";
				CLANG_CXX_LIBRARY = "libc++";
				CLANG_ENABLE_MODULES = YES;
				CLANG_ENABLE_OBJC_ARC = YES;
				CLANG_WARN_BOOL_CONVERSION = YES;
				CLANG_WARN_CONSTANT_CONVERSION = YES;
				CLANG_WARN_DIRECT_OBJC_ISA_USAGE = YES_ERROR;
				CLANG_WARN_EMPTY_BODY = YES;
				CLANG_WARN_ENUM_CONVERSION = YES;
				CLANG_WARN_INT_CONVERSION = YES;
				CLANG_WARN_OBJC_ROOT_CLASS = YES_ERROR;
				CLANG_WARN_UNREACHABLE_CODE = YES;
				CLANG_WARN__DUPLICATE_METHOD_MATCH = YES;
				CODE_SIGN_IDENTITY = "-";
				COPY_PHASE_STRIP = NO;
				DEBUG_INFORMATION_FORMAT = "dwarf-with-dsym";
				ENABLE_NS_ASSERTIONS = NO;
				ENABLE_STRICT_OBJC_MSGSEND = YES;
				GCC_C_LANGUAGE_STANDARD = gnu99;
				GCC_NO_COMMON_BLOCKS = YES;
				GCC_WARN_64_TO_32_BIT_CONVERSION = YES;
				GCC_WARN_ABOUT_RETURN_TYPE = YES_ERROR;
				GCC_WARN_UNDECLARED_SELECTOR = YES;
				GCC_WARN_UNINITIALIZED_AUTOS = YES_AGGRESSIVE;
				GCC_WARN_UNUSED_FUNCTION = YES;
				GCC_WARN_UNUSED_VARIABLE = YES;
				MACOSX_DEPLOYMENT_TARGET = 10.11;
				MTL_ENABLE_DEBUG_INFO = NO;
				SDKROOT = macosx;
			};
			name = Release;
		};
		3C0264621D76B9FA00915CEE /* Debug */ = {
			isa = XCBuildConfiguration;
			baseConfigurationReference = 67D1072E227536E6BDF9CFB0 /* Pods-ZHW日历推送.debug.xcconfig */;
			buildSettings = {
				ASSETCATALOG_COMPILER_APPICON_NAME = AppIcon;
				CLANG_ENABLE_OBJC_WEAK = YES;
				COMBINE_HIDPI_IMAGES = YES;
				INFOPLIST_FILE = "ZHW日历推送/Info.plist";
				LD_RUNPATH_SEARCH_PATHS = "$(inherited) @executable_path/../Frameworks";
				PRODUCT_BUNDLE_IDENTIFIER = "xiaoyan.ZHW----";
				PRODUCT_NAME = "$(TARGET_NAME)";
			};
			name = Debug;
		};
		3C0264631D76B9FA00915CEE /* Release */ = {
			isa = XCBuildConfiguration;
			baseConfigurationReference = EE08D18D5E4B00F66924D87C /* Pods-ZHW日历推送.release.xcconfig */;
			buildSettings = {
				ASSETCATALOG_COMPILER_APPICON_NAME = AppIcon;
				CLANG_ENABLE_OBJC_WEAK = YES;
				COMBINE_HIDPI_IMAGES = YES;
				INFOPLIST_FILE = "ZHW日历推送/Info.plist";
				LD_RUNPATH_SEARCH_PATHS = "$(inherited) @executable_path/../Frameworks";
				PRODUCT_BUNDLE_IDENTIFIER = "xiaoyan.ZHW----";
				PRODUCT_NAME = "$(TARGET_NAME)";
			};
			name = Release;
		};
		3C0264651D76B9FA00915CEE /* Debug */ = {
			isa = XCBuildConfiguration;
			baseConfigurationReference = 836B7B61FB9631B91D319B94 /* Pods-ZHW日历推送Tests.debug.xcconfig */;
			buildSettings = {
				BUNDLE_LOADER = "$(TEST_HOST)";
				COMBINE_HIDPI_IMAGES = YES;
				INFOPLIST_FILE = "ZHW日历推送Tests/Info.plist";
				LD_RUNPATH_SEARCH_PATHS = "$(inherited) @executable_path/../Frameworks @loader_path/../Frameworks";
				PRODUCT_BUNDLE_IDENTIFIER = "xiaoyan.ZHW----Tests";
				PRODUCT_NAME = "$(TARGET_NAME)";
				TEST_HOST = "$(BUILT_PRODUCTS_DIR)/ZHW日历推送.app/Contents/MacOS/ZHW日历推送";
			};
			name = Debug;
		};
		3C0264661D76B9FA00915CEE /* Release */ = {
			isa = XCBuildConfiguration;
			baseConfigurationReference = 4D188A3C1FD0FFA4F4D4CD2E /* Pods-ZHW日历推送Tests.release.xcconfig */;
			buildSettings = {
				BUNDLE_LOADER = "$(TEST_HOST)";
				COMBINE_HIDPI_IMAGES = YES;
				INFOPLIST_FILE = "ZHW日历推送Tests/Info.plist";
				LD_RUNPATH_SEARCH_PATHS = "$(inherited) @executable_path/../Frameworks @loader_path/../Frameworks";
				PRODUCT_BUNDLE_IDENTIFIER = "xiaoyan.ZHW----Tests";
				PRODUCT_NAME = "$(TARGET_NAME)";
				TEST_HOST = "$(BUILT_PRODUCTS_DIR)/ZHW日历推送.app/Contents/MacOS/ZHW日历推送";
			};
			name = Release;
		};
		3C0264681D76B9FA00915CEE /* Debug */ = {
			isa = XCBuildConfiguration;
			baseConfigurationReference = 6DD1664A1B22D13DB23BA221 /* Pods-ZHW日历推送UITests.debug.xcconfig */;
			buildSettings = {
				COMBINE_HIDPI_IMAGES = YES;
				INFOPLIST_FILE = "ZHW日历推送UITests/Info.plist";
				LD_RUNPATH_SEARCH_PATHS = "$(inherited) @executable_path/../Frameworks @loader_path/../Frameworks";
				PRODUCT_BUNDLE_IDENTIFIER = "xiaoyan.ZHW----UITests";
				PRODUCT_NAME = "$(TARGET_NAME)";
				TEST_TARGET_NAME = "ZHW日历推送";
			};
			name = Debug;
		};
		3C0264691D76B9FA00915CEE /* Release */ = {
			isa = XCBuildConfiguration;
			baseConfigurationReference = 3D1EC0E92637BBDD0116F148 /* Pods-ZHW日历推送UITests.release.xcconfig */;
			buildSettings = {
				COMBINE_HIDPI_IMAGES = YES;
				INFOPLIST_FILE = "ZHW日历推送UITests/Info.plist";
				LD_RUNPATH_SEARCH_PATHS = "$(inherited) @executable_path/../Frameworks @loader_path/../Frameworks";
				PRODUCT_BUNDLE_IDENTIFIER = "xiaoyan.ZHW----UITests";
				PRODUCT_NAME = "$(TARGET_NAME)";
				TEST_TARGET_NAME = "ZHW日历推送";
			};
			name = Release;
		};
/* End XCBuildConfiguration section */

/* Begin XCConfigurationList section */
		3C0264351D76B9FA00915CEE /* Build configuration list for PBXProject "ZHW日历推送" */ = {
			isa = XCConfigurationList;
			buildConfigurations = (
				3C02645F1D76B9FA00915CEE /* Debug */,
				3C0264601D76B9FA00915CEE /* Release */,
			);
			defaultConfigurationIsVisible = 0;
			defaultConfigurationName = Release;
		};
		3C0264611D76B9FA00915CEE /* Build configuration list for PBXNativeTarget "ZHW日历推送" */ = {
			isa = XCConfigurationList;
			buildConfigurations = (
				3C0264621D76B9FA00915CEE /* Debug */,
				3C0264631D76B9FA00915CEE /* Release */,
			);
			defaultConfigurationIsVisible = 0;
			defaultConfigurationName = Release;
		};
		3C0264641D76B9FA00915CEE /* Build configuration list for PBXNativeTarget "ZHW日历推送Tests" */ = {
			isa = XCConfigurationList;
			buildConfigurations = (
				3C0264651D76B9FA00915CEE /* Debug */,
				3C0264661D76B9FA00915CEE /* Release */,
			);
			defaultConfigurationIsVisible = 0;
			defaultConfigurationName = Release;
		};
		3C0264671D76B9FA00915CEE /* Build configuration list for PBXNativeTarget "ZHW日历推送UITests" */ = {
			isa = XCConfigurationList;
			buildConfigurations = (
				3C0264681D76B9FA00915CEE /* Debug */,
				3C0264691D76B9FA00915CEE /* Release */,
			);
			defaultConfigurationIsVisible = 0;
			defaultConfigurationName = Release;
		};
/* End XCConfigurationList section */
	};
	rootObject = 3C0264321D76B9FA00915CEE /* Project object */;
}
